{
  "name": "scraping_app",
  "version": "1.0.0",
  "lockfileVersion": 2,
  "requires": true,
  "packages": {
    "": {
      "name": "scraping_app",
      "version": "1.0.0",
      "hasInstallScript": true,
      "license": "MIT",
      "dependencies": {
        "dotenv": "^16.0.3",
        "google-auth-library": "^8.5.2",
        "google-spreadsheet": "^3.3.0",
        "json2csv": "^5.0.7",
        "node-cron": "^3.0.2",
        "playwright": "^1.38.0"
      },
      "devDependencies": {
        "@playwright/test": "^1.25.2",
        "nodemailer": "^6.7.8"
      }
    },
    "node_modules/@playwright/test": {
      "version": "1.38.0",
      "dev": true,
      "license": "Apache-2.0",
      "dependencies": {
        "playwright": "1.38.0"
      },
      "bin": {
        "playwright": "cli.js"
      },
      "engines": {
        "node": ">=16"
      }
    },
    "node_modules/abort-controller": {
      "version": "3.0.0",
      "license": "MIT",
      "dependencies": {
        "event-target-shim": "^5.0.0"
      },
      "engines": {
        "node": ">=6.5"
      }
    },
    "node_modules/agent-base": {
      "version": "6.0.2",
      "license": "MIT",
      "dependencies": {
        "debug": "4"
      },
      "engines": {
        "node": ">= 6.0.0"
      }
    },
    "node_modules/arrify": {
      "version": "2.0.1",
      "license": "MIT",
      "engines": {
        "node": ">=8"
      }
    },
    "node_modules/axios": {
      "version": "0.21.4",
      "license": "MIT",
      "dependencies": {
        "follow-redirects": "^1.14.0"
      }
    },
    "node_modules/base64-js": {
      "version": "1.5.1",
      "funding": [
        {
          "type": "github",
          "url": "https://github.com/sponsors/feross"
        },
        {
          "type": "patreon",
          "url": "https://www.patreon.com/feross"
        },
        {
          "type": "consulting",
          "url": "https://feross.org/support"
        }
      ],
      "license": "MIT"
    },
    "node_modules/bignumber.js": {
      "version": "9.1.2",
      "license": "MIT",
      "engines": {
        "node": "*"
      }
    },
    "node_modules/buffer-equal-constant-time": {
      "version": "1.0.1",
      "license": "BSD-3-Clause"
    },
    "node_modules/commander": {
      "version": "6.2.1",
      "license": "MIT",
      "engines": {
        "node": ">= 6"
      }
    },
    "node_modules/debug": {
      "version": "4.3.4",
      "license": "MIT",
      "dependencies": {
        "ms": "2.1.2"
      },
      "engines": {
        "node": ">=6.0"
      },
      "peerDependenciesMeta": {
        "supports-color": {
          "optional": true
        }
      }
    },
    "node_modules/dotenv": {
      "version": "16.3.1",
      "license": "BSD-2-Clause",
      "engines": {
        "node": ">=12"
      },
      "funding": {
        "url": "https://github.com/motdotla/dotenv?sponsor=1"
      }
    },
    "node_modules/ecdsa-sig-formatter": {
      "version": "1.0.11",
      "license": "Apache-2.0",
      "dependencies": {
        "safe-buffer": "^5.0.1"
      }
    },
    "node_modules/event-target-shim": {
      "version": "5.0.1",
      "license": "MIT",
      "engines": {
        "node": ">=6"
      }
    },
    "node_modules/extend": {
      "version": "3.0.2",
      "license": "MIT"
    },
    "node_modules/fast-text-encoding": {
      "version": "1.0.6",
      "license": "Apache-2.0"
    },
    "node_modules/follow-redirects": {
      "version": "1.15.2",
      "funding": [
        {
          "type": "individual",
          "url": "https://github.com/sponsors/RubenVerborgh"
        }
      ],
      "license": "MIT",
      "engines": {
        "node": ">=4.0"
      },
      "peerDependenciesMeta": {
        "debug": {
          "optional": true
        }
      }
    },
    "node_modules/fsevents": {
      "version": "2.3.2",
      "resolved": "https://registry.npmjs.org/fsevents/-/fsevents-2.3.2.tgz",
      "integrity": "sha512-xiqMQR4xAeHTuB9uWm+fFRcIOgKBMiOBP+eXiyT7jsgVCq1bkVygt00oASowB7EdtpOHaaPgKt812P9ab+DDKA==",
      "hasInstallScript": true,
      "optional": true,
      "os": [
        "darwin"
      ],
      "engines": {
        "node": "^8.16.0 || ^10.6.0 || >=11.0.0"
      }
    },
    "node_modules/gaxios": {
      "version": "5.1.3",
      "license": "Apache-2.0",
      "dependencies": {
        "extend": "^3.0.2",
        "https-proxy-agent": "^5.0.0",
        "is-stream": "^2.0.0",
        "node-fetch": "^2.6.9"
      },
      "engines": {
        "node": ">=12"
      }
    },
    "node_modules/gcp-metadata": {
      "version": "5.3.0",
      "license": "Apache-2.0",
      "dependencies": {
        "gaxios": "^5.0.0",
        "json-bigint": "^1.0.0"
      },
      "engines": {
        "node": ">=12"
      }
    },
    "node_modules/google-auth-library": {
      "version": "8.9.0",
      "license": "Apache-2.0",
      "dependencies": {
        "arrify": "^2.0.0",
        "base64-js": "^1.3.0",
        "ecdsa-sig-formatter": "^1.0.11",
        "fast-text-encoding": "^1.0.0",
        "gaxios": "^5.0.0",
        "gcp-metadata": "^5.3.0",
        "gtoken": "^6.1.0",
        "jws": "^4.0.0",
        "lru-cache": "^6.0.0"
      },
      "engines": {
        "node": ">=12"
      }
    },
    "node_modules/google-p12-pem": {
      "version": "4.0.1",
      "license": "MIT",
      "dependencies": {
        "node-forge": "^1.3.1"
      },
      "bin": {
        "gp12-pem": "build/src/bin/gp12-pem.js"
      },
      "engines": {
        "node": ">=12.0.0"
      }
    },
    "node_modules/google-spreadsheet": {
      "version": "3.3.0",
      "license": "Unlicense",
      "dependencies": {
        "axios": "^0.21.4",
        "google-auth-library": "^6.1.3",
        "lodash": "^4.17.21"
      },
      "engines": {
        "node": ">=0.8.0"
      }
    },
    "node_modules/google-spreadsheet/node_modules/gaxios": {
      "version": "4.3.3",
      "license": "Apache-2.0",
      "dependencies": {
        "abort-controller": "^3.0.0",
        "extend": "^3.0.2",
        "https-proxy-agent": "^5.0.0",
        "is-stream": "^2.0.0",
        "node-fetch": "^2.6.7"
      },
      "engines": {
        "node": ">=10"
      }
    },
    "node_modules/google-spreadsheet/node_modules/gcp-metadata": {
      "version": "4.3.1",
      "license": "Apache-2.0",
      "dependencies": {
        "gaxios": "^4.0.0",
        "json-bigint": "^1.0.0"
      },
      "engines": {
        "node": ">=10"
      }
    },
    "node_modules/google-spreadsheet/node_modules/google-auth-library": {
      "version": "6.1.6",
      "license": "Apache-2.0",
      "dependencies": {
        "arrify": "^2.0.0",
        "base64-js": "^1.3.0",
        "ecdsa-sig-formatter": "^1.0.11",
        "fast-text-encoding": "^1.0.0",
        "gaxios": "^4.0.0",
        "gcp-metadata": "^4.2.0",
        "gtoken": "^5.0.4",
        "jws": "^4.0.0",
        "lru-cache": "^6.0.0"
      },
      "engines": {
        "node": ">=10"
      }
    },
    "node_modules/google-spreadsheet/node_modules/google-p12-pem": {
      "version": "3.1.4",
      "license": "MIT",
      "dependencies": {
        "node-forge": "^1.3.1"
      },
      "bin": {
        "gp12-pem": "build/src/bin/gp12-pem.js"
      },
      "engines": {
        "node": ">=10"
      }
    },
    "node_modules/google-spreadsheet/node_modules/gtoken": {
      "version": "5.3.2",
      "license": "MIT",
      "dependencies": {
        "gaxios": "^4.0.0",
        "google-p12-pem": "^3.1.3",
        "jws": "^4.0.0"
      },
      "engines": {
        "node": ">=10"
      }
    },
    "node_modules/gtoken": {
      "version": "6.1.2",
      "license": "MIT",
      "dependencies": {
        "gaxios": "^5.0.1",
        "google-p12-pem": "^4.0.0",
        "jws": "^4.0.0"
      },
      "engines": {
        "node": ">=12.0.0"
      }
    },
    "node_modules/https-proxy-agent": {
      "version": "5.0.1",
      "license": "MIT",
      "dependencies": {
        "agent-base": "6",
        "debug": "4"
      },
      "engines": {
        "node": ">= 6"
      }
    },
    "node_modules/is-stream": {
      "version": "2.0.1",
      "license": "MIT",
      "engines": {
        "node": ">=8"
      },
      "funding": {
        "url": "https://github.com/sponsors/sindresorhus"
      }
    },
    "node_modules/json-bigint": {
      "version": "1.0.0",
      "license": "MIT",
      "dependencies": {
        "bignumber.js": "^9.0.0"
      }
    },
    "node_modules/json2csv": {
      "version": "5.0.7",
      "license": "MIT",
      "dependencies": {
        "commander": "^6.1.0",
        "jsonparse": "^1.3.1",
        "lodash.get": "^4.4.2"
      },
      "bin": {
        "json2csv": "bin/json2csv.js"
      },
      "engines": {
        "node": ">= 10",
        "npm": ">= 6.13.0"
      }
    },
    "node_modules/jsonparse": {
      "version": "1.3.1",
      "engines": [
        "node >= 0.2.0"
      ],
      "license": "MIT"
    },
    "node_modules/jwa": {
      "version": "2.0.0",
      "license": "MIT",
      "dependencies": {
        "buffer-equal-constant-time": "1.0.1",
        "ecdsa-sig-formatter": "1.0.11",
        "safe-buffer": "^5.0.1"
      }
    },
    "node_modules/jws": {
      "version": "4.0.0",
      "license": "MIT",
      "dependencies": {
        "jwa": "^2.0.0",
        "safe-buffer": "^5.0.1"
      }
    },
    "node_modules/lodash": {
      "version": "4.17.21",
      "license": "MIT"
    },
    "node_modules/lodash.get": {
      "version": "4.4.2",
      "license": "MIT"
    },
    "node_modules/lru-cache": {
      "version": "6.0.0",
      "license": "ISC",
      "dependencies": {
        "yallist": "^4.0.0"
      },
      "engines": {
        "node": ">=10"
      }
    },
    "node_modules/ms": {
      "version": "2.1.2",
      "license": "MIT"
    },
    "node_modules/node-cron": {
      "version": "3.0.2",
      "license": "ISC",
      "dependencies": {
        "uuid": "8.3.2"
      },
      "engines": {
        "node": ">=6.0.0"
      }
    },
    "node_modules/node-fetch": {
      "version": "2.7.0",
      "license": "MIT",
      "dependencies": {
        "whatwg-url": "^5.0.0"
      },
      "engines": {
        "node": "4.x || >=6.0.0"
      },
      "peerDependencies": {
        "encoding": "^0.1.0"
      },
      "peerDependenciesMeta": {
        "encoding": {
          "optional": true
        }
      }
    },
    "node_modules/node-forge": {
      "version": "1.3.1",
      "license": "(BSD-3-Clause OR GPL-2.0)",
      "engines": {
        "node": ">= 6.13.0"
      }
    },
    "node_modules/nodemailer": {
      "version": "6.9.5",
      "dev": true,
      "license": "MIT-0",
      "engines": {
        "node": ">=6.0.0"
      }
    },
    "node_modules/playwright": {
      "version": "1.38.0",
      "resolved": "https://registry.npmjs.org/playwright/-/playwright-1.38.0.tgz",
      "integrity": "sha512-fJGw+HO0YY+fU/F1N57DMO+TmXHTrmr905J05zwAQE9xkuwP/QLDk63rVhmyxh03dYnEhnRbsdbH9B0UVVRB3A==",
      "dependencies": {
        "playwright-core": "1.38.0"
      },
      "bin": {
        "playwright": "cli.js"
      },
      "engines": {
        "node": ">=16"
      },
      "optionalDependencies": {
        "fsevents": "2.3.2"
      }
    },
    "node_modules/playwright-core": {
      "version": "1.38.0",
      "license": "Apache-2.0",
      "bin": {
        "playwright-core": "cli.js"
      },
      "engines": {
        "node": ">=16"
      }
    },
    "node_modules/safe-buffer": {
      "version": "5.2.1",
      "funding": [
        {
          "type": "github",
          "url": "https://github.com/sponsors/feross"
        },
        {
          "type": "patreon",
          "url": "https://www.patreon.com/feross"
        },
        {
          "type": "consulting",
          "url": "https://feross.org/support"
        }
      ],
      "license": "MIT"
    },
    "node_modules/tr46": {
      "version": "0.0.3",
      "license": "MIT"
    },
    "node_modules/uuid": {
      "version": "8.3.2",
      "license": "MIT",
      "bin": {
        "uuid": "dist/bin/uuid"
      }
    },
    "node_modules/webidl-conversions": {
      "version": "3.0.1",
      "license": "BSD-2-Clause"
    },
    "node_modules/whatwg-url": {
      "version": "5.0.0",
      "license": "MIT",
      "dependencies": {
        "tr46": "~0.0.3",
        "webidl-conversions": "^3.0.0"
      }
    },
    "node_modules/yallist": {
      "version": "4.0.0",
      "license": "ISC"
    }
  },
  "dependencies": {
    "@playwright/test": {
      "version": "1.38.0",
      "dev": true,
      "requires": {
        "playwright": "1.38.0"
      }
    },
    "abort-controller": {
      "version": "3.0.0",
      "requires": {
        "event-target-shim": "^5.0.0"
      }
    },
    "agent-base": {
      "version": "6.0.2",
      "requires": {
        "debug": "4"
      }
    },
    "arrify": {
      "version": "2.0.1"
    },
    "axios": {
      "version": "0.21.4",
      "requires": {
        "follow-redirects": "^1.14.0"
      }
    },
    "base64-js": {
      "version": "1.5.1"
    },
    "bignumber.js": {
      "version": "9.1.2"
    },
    "buffer-equal-constant-time": {
      "version": "1.0.1"
    },
    "commander": {
      "version": "6.2.1"
    },
    "debug": {
      "version": "4.3.4",
      "requires": {
        "ms": "2.1.2"
      }
    },
    "dotenv": {
      "version": "16.3.1"
    },
    "ecdsa-sig-formatter": {
      "version": "1.0.11",
      "requires": {
        "safe-buffer": "^5.0.1"
      }
    },
    "event-target-shim": {
      "version": "5.0.1"
    },
    "extend": {
      "version": "3.0.2"
    },
    "fast-text-encoding": {
      "version": "1.0.6"
    },
    "follow-redirects": {
      "version": "1.15.2"
    },
    "fsevents": {
      "version": "2.3.2",
      "resolved": "https://registry.npmjs.org/fsevents/-/fsevents-2.3.2.tgz",
      "integrity": "sha512-xiqMQR4xAeHTuB9uWm+fFRcIOgKBMiOBP+eXiyT7jsgVCq1bkVygt00oASowB7EdtpOHaaPgKt812P9ab+DDKA==",
      "optional": true
    },
    "gaxios": {
      "version": "5.1.3",
      "requires": {
        "extend": "^3.0.2",
        "https-proxy-agent": "^5.0.0",
        "is-stream": "^2.0.0",
        "node-fetch": "^2.6.9"
      }
    },
    "gcp-metadata": {
      "version": "5.3.0",
      "requires": {
        "gaxios": "^5.0.0",
        "json-bigint": "^1.0.0"
      }
    },
    "google-auth-library": {
      "version": "8.9.0",
      "requires": {
        "arrify": "^2.0.0",
        "base64-js": "^1.3.0",
        "ecdsa-sig-formatter": "^1.0.11",
        "fast-text-encoding": "^1.0.0",
        "gaxios": "^5.0.0",
        "gcp-metadata": "^5.3.0",
        "gtoken": "^6.1.0",
        "jws": "^4.0.0",
        "lru-cache": "^6.0.0"
      }
    },
    "google-p12-pem": {
      "version": "4.0.1",
      "requires": {
        "node-forge": "^1.3.1"
      }
    },
    "google-spreadsheet": {
      "version": "3.3.0",
      "requires": {
        "axios": "^0.21.4",
        "google-auth-library": "^6.1.3",
        "lodash": "^4.17.21"
      },
      "dependencies": {
        "gaxios": {
          "version": "4.3.3",
          "requires": {
            "abort-controller": "^3.0.0",
            "extend": "^3.0.2",
            "https-proxy-agent": "^5.0.0",
            "is-stream": "^2.0.0",
            "node-fetch": "^2.6.7"
          }
        },
        "gcp-metadata": {
          "version": "4.3.1",
          "requires": {
            "gaxios": "^4.0.0",
            "json-bigint": "^1.0.0"
          }
        },
        "google-auth-library": {
          "version": "6.1.6",
          "requires": {
            "arrify": "^2.0.0",
            "base64-js": "^1.3.0",
            "ecdsa-sig-formatter": "^1.0.11",
            "fast-text-encoding": "^1.0.0",
            "gaxios": "^4.0.0",
            "gcp-metadata": "^4.2.0",
            "gtoken": "^5.0.4",
            "jws": "^4.0.0",
            "lru-cache": "^6.0.0"
          }
        },
        "google-p12-pem": {
          "version": "3.1.4",
          "requires": {
            "node-forge": "^1.3.1"
          }
        },
        "gtoken": {
          "version": "5.3.2",
          "requires": {
            "gaxios": "^4.0.0",
            "google-p12-pem": "^3.1.3",
            "jws": "^4.0.0"
          }
        }
      }
    },
    "gtoken": {
      "version": "6.1.2",
      "requires": {
        "gaxios": "^5.0.1",
        "google-p12-pem": "^4.0.0",
        "jws": "^4.0.0"
      }
    },
    "https-proxy-agent": {
      "version": "5.0.1",
      "requires": {
        "agent-base": "6",
        "debug": "4"
      }
    },
    "is-stream": {
      "version": "2.0.1"
    },
    "json-bigint": {
      "version": "1.0.0",
      "requires": {
        "bignumber.js": "^9.0.0"
      }
    },
    "json2csv": {
      "version": "5.0.7",
      "requires": {
        "commander": "^6.1.0",
        "jsonparse": "^1.3.1",
        "lodash.get": "^4.4.2"
      }
    },
    "jsonparse": {
      "version": "1.3.1"
    },
    "jwa": {
      "version": "2.0.0",
      "requires": {
        "buffer-equal-constant-time": "1.0.1",
        "ecdsa-sig-formatter": "1.0.11",
        "safe-buffer": "^5.0.1"
      }
    },
    "jws": {
      "version": "4.0.0",
      "requires": {
        "jwa": "^2.0.0",
        "safe-buffer": "^5.0.1"
      }
    },
    "lodash": {
      "version": "4.17.21"
    },
    "lodash.get": {
      "version": "4.4.2"
    },
    "lru-cache": {
      "version": "6.0.0",
      "requires": {
        "yallist": "^4.0.0"
      }
    },
    "ms": {
      "version": "2.1.2"
    },
    "node-cron": {
      "version": "3.0.2",
      "requires": {
        "uuid": "8.3.2"
      }
    },
    "node-fetch": {
      "version": "2.7.0",
      "requires": {
        "whatwg-url": "^5.0.0"
      }
    },
    "node-forge": {
      "version": "1.3.1"
    },
    "nodemailer": {
      "version": "6.9.5",
      "dev": true
    },
    "playwright": {
      "version": "1.38.0",
      "resolved": "https://registry.npmjs.org/playwright/-/playwright-1.38.0.tgz",
      "integrity": "sha512-fJGw+HO0YY+fU/F1N57DMO+TmXHTrmr905J05zwAQE9xkuwP/QLDk63rVhmyxh03dYnEhnRbsdbH9B0UVVRB3A==",
      "requires": {
        "fsevents": "2.3.2",
        "playwright-core": "1.38.0"
      }
    },
    "playwright-core": {
      "version": "1.38.0"
    },
    "safe-buffer": {
      "version": "5.2.1"
    },
    "tr46": {
      "version": "0.0.3"
    },
    "uuid": {
      "version": "8.3.2"
    },
    "webidl-conversions": {
      "version": "3.0.1"
    },
    "whatwg-url": {
      "version": "5.0.0",
      "requires": {
        "tr46": "~0.0.3",
        "webidl-conversions": "^3.0.0"
      }
    },
    "yallist": {
      "version": "4.0.0"
    }
  }
}
